
Microsoft Visual Studio Solution File, Format Version 12.00
# Visual Studio 2012
Project("{2150E333-8FDC-42A3-9474-1A3956D46DE8}") = "Service", "Service", "{BBE243F1-D72E-42A1-B93E-836162F33DCD}"
EndProject
Project("{2150E333-8FDC-42A3-9474-1A3956D46DE8}") = "Client", "Client", "{CFCADF1D-FE9D-4E61-A71D-AC0A497433F2}"
EndProject
Project("{FAE04EC0-301F-11D3-BF4B-00C04F79EFBC}") = "DataAccessLayer", "Service\DataAccessLayer\DataAccessLayer.csproj", "{FD38C931-5E45-4EC0-AFAF-92489EE66F7D}"
EndProject
Project("{FAE04EC0-301F-11D3-BF4B-00C04F79EFBC}") = "ServiceInterfaces", "Service\ServiceInterfaces\ServiceInterfaces.csproj", "{A6D79701-88DF-4088-BD38-026BCE8FD19B}"
EndProject
Project("{FAE04EC0-301F-11D3-BF4B-00C04F79EFBC}") = "BusinessLogicLayer", "Service\BusinessLogicLayer\BusinessLogicLayer.csproj", "{81579142-1A7B-49B3-8FCE-EBB48AC00CBF}"
EndProject
Project("{FAE04EC0-301F-11D3-BF4B-00C04F79EFBC}") = "WcfServiceLayer", "Service\WcfServiceLayer\WcfServiceLayer.csproj", "{880C934B-E1C4-4DD5-AAF6-392C4ACB5516}"
EndProject
Project("{FAE04EC0-301F-11D3-BF4B-00C04F79EFBC}") = "ServiceProxy", "Client\ServiceProxy\ServiceProxy.csproj", "{377509C6-4527-4D22-B43D-F2BEC18632B0}"
	ProjectSection(ProjectDependencies) = postProject
		{880C934B-E1C4-4DD5-AAF6-392C4ACB5516} = {880C934B-E1C4-4DD5-AAF6-392C4ACB5516}
	EndProjectSection
EndProject
Project("{FAE04EC0-301F-11D3-BF4B-00C04F79EFBC}") = "ClientInterfaces", "Client\ClientInterfaces\ClientInterfaces.csproj", "{881FE3F7-3BF3-4264-A092-EB894EAA6712}"
EndProject
Project("{FAE04EC0-301F-11D3-BF4B-00C04F79EFBC}") = "Models", "Client\Models\Models.csproj", "{448BB12E-CEAD-4DAE-A686-9AF4CF33218F}"
EndProject
Project("{FAE04EC0-301F-11D3-BF4B-00C04F79EFBC}") = "IoC", "Client\IoC\IoC.csproj", "{F7FB08CE-960D-41BD-BF8F-AE8161A955F8}"
EndProject
Project("{2150E333-8FDC-42A3-9474-1A3956D46DE8}") = "Test", "Test", "{BA15FA48-1043-4C42-97BF-0552CA7B63F8}"
EndProject
Project("{FAE04EC0-301F-11D3-BF4B-00C04F79EFBC}") = "ClientUnitTest", "Test\ClientUnitTest\ClientUnitTest.csproj", "{02003050-D81D-4381-90BE-6F0C716B35BB}"
EndProject
Project("{FAE04EC0-301F-11D3-BF4B-00C04F79EFBC}") = "ServiceUnitTest", "Test\ServiceUnitTest\ServiceUnitTest.csproj", "{F184145B-2AF0-407F-8306-9CF382FA14F8}"
EndProject
Project("{FAE04EC0-301F-11D3-BF4B-00C04F79EFBC}") = "WpfApplicationUI", "Client\WpfApplicationUI\WpfApplicationUI.csproj", "{E566F49E-F424-484B-81DF-591C49DD20F8}"
EndProject
Project("{2150E333-8FDC-42A3-9474-1A3956D46DE8}") = ".nuget", ".nuget", "{F45FE5A4-A423-48E0-B2AD-FE9161461BC8}"
	ProjectSection(SolutionItems) = preProject
		.nuget\NuGet.Config = .nuget\NuGet.Config
		.nuget\NuGet.exe = .nuget\NuGet.exe
		.nuget\NuGet.targets = .nuget\NuGet.targets
	EndProjectSection
EndProject
Global
	GlobalSection(SolutionConfigurationPlatforms) = preSolution
		Debug|Any CPU = Debug|Any CPU
		Release|Any CPU = Release|Any CPU
	EndGlobalSection
	GlobalSection(ProjectConfigurationPlatforms) = postSolution
		{FD38C931-5E45-4EC0-AFAF-92489EE66F7D}.Debug|Any CPU.ActiveCfg = Debug|Any CPU
		{FD38C931-5E45-4EC0-AFAF-92489EE66F7D}.Debug|Any CPU.Build.0 = Debug|Any CPU
		{FD38C931-5E45-4EC0-AFAF-92489EE66F7D}.Release|Any CPU.ActiveCfg = Release|Any CPU
		{FD38C931-5E45-4EC0-AFAF-92489EE66F7D}.Release|Any CPU.Build.0 = Release|Any CPU
		{A6D79701-88DF-4088-BD38-026BCE8FD19B}.Debug|Any CPU.ActiveCfg = Debug|Any CPU
		{A6D79701-88DF-4088-BD38-026BCE8FD19B}.Debug|Any CPU.Build.0 = Debug|Any CPU
		{A6D79701-88DF-4088-BD38-026BCE8FD19B}.Release|Any CPU.ActiveCfg = Release|Any CPU
		{A6D79701-88DF-4088-BD38-026BCE8FD19B}.Release|Any CPU.Build.0 = Release|Any CPU
		{81579142-1A7B-49B3-8FCE-EBB48AC00CBF}.Debug|Any CPU.ActiveCfg = Debug|Any CPU
		{81579142-1A7B-49B3-8FCE-EBB48AC00CBF}.Debug|Any CPU.Build.0 = Debug|Any CPU
		{81579142-1A7B-49B3-8FCE-EBB48AC00CBF}.Release|Any CPU.ActiveCfg = Release|Any CPU
		{81579142-1A7B-49B3-8FCE-EBB48AC00CBF}.Release|Any CPU.Build.0 = Release|Any CPU
		{880C934B-E1C4-4DD5-AAF6-392C4ACB5516}.Debug|Any CPU.ActiveCfg = Debug|Any CPU
		{880C934B-E1C4-4DD5-AAF6-392C4ACB5516}.Debug|Any CPU.Build.0 = Debug|Any CPU
		{880C934B-E1C4-4DD5-AAF6-392C4ACB5516}.Release|Any CPU.ActiveCfg = Release|Any CPU
		{880C934B-E1C4-4DD5-AAF6-392C4ACB5516}.Release|Any CPU.Build.0 = Release|Any CPU
		{377509C6-4527-4D22-B43D-F2BEC18632B0}.Debug|Any CPU.ActiveCfg = Debug|Any CPU
		{377509C6-4527-4D22-B43D-F2BEC18632B0}.Debug|Any CPU.Build.0 = Debug|Any CPU
		{377509C6-4527-4D22-B43D-F2BEC18632B0}.Release|Any CPU.ActiveCfg = Release|Any CPU
		{377509C6-4527-4D22-B43D-F2BEC18632B0}.Release|Any CPU.Build.0 = Release|Any CPU
		{881FE3F7-3BF3-4264-A092-EB894EAA6712}.Debug|Any CPU.ActiveCfg = Debug|Any CPU
		{881FE3F7-3BF3-4264-A092-EB894EAA6712}.Debug|Any CPU.Build.0 = Debug|Any CPU
		{881FE3F7-3BF3-4264-A092-EB894EAA6712}.Release|Any CPU.ActiveCfg = Release|Any CPU
		{881FE3F7-3BF3-4264-A092-EB894EAA6712}.Release|Any CPU.Build.0 = Release|Any CPU
		{448BB12E-CEAD-4DAE-A686-9AF4CF33218F}.Debug|Any CPU.ActiveCfg = Debug|Any CPU
		{448BB12E-CEAD-4DAE-A686-9AF4CF33218F}.Debug|Any CPU.Build.0 = Debug|Any CPU
		{448BB12E-CEAD-4DAE-A686-9AF4CF33218F}.Release|Any CPU.ActiveCfg = Release|Any CPU
		{448BB12E-CEAD-4DAE-A686-9AF4CF33218F}.Release|Any CPU.Build.0 = Release|Any CPU
		{F7FB08CE-960D-41BD-BF8F-AE8161A955F8}.Debug|Any CPU.ActiveCfg = Debug|Any CPU
		{F7FB08CE-960D-41BD-BF8F-AE8161A955F8}.Debug|Any CPU.Build.0 = Debug|Any CPU
		{F7FB08CE-960D-41BD-BF8F-AE8161A955F8}.Release|Any CPU.ActiveCfg = Release|Any CPU
		{F7FB08CE-960D-41BD-BF8F-AE8161A955F8}.Release|Any CPU.Build.0 = Release|Any CPU
		{02003050-D81D-4381-90BE-6F0C716B35BB}.Debug|Any CPU.ActiveCfg = Debug|Any CPU
		{02003050-D81D-4381-90BE-6F0C716B35BB}.Debug|Any CPU.Build.0 = Debug|Any CPU
		{02003050-D81D-4381-90BE-6F0C716B35BB}.Release|Any CPU.ActiveCfg = Release|Any CPU
		{02003050-D81D-4381-90BE-6F0C716B35BB}.Release|Any CPU.Build.0 = Release|Any CPU
		{F184145B-2AF0-407F-8306-9CF382FA14F8}.Debug|Any CPU.ActiveCfg = Debug|Any CPU
		{F184145B-2AF0-407F-8306-9CF382FA14F8}.Debug|Any CPU.Build.0 = Debug|Any CPU
		{F184145B-2AF0-407F-8306-9CF382FA14F8}.Release|Any CPU.ActiveCfg = Release|Any CPU
		{F184145B-2AF0-407F-8306-9CF382FA14F8}.Release|Any CPU.Build.0 = Release|Any CPU
		{E566F49E-F424-484B-81DF-591C49DD20F8}.Debug|Any CPU.ActiveCfg = Debug|Any CPU
		{E566F49E-F424-484B-81DF-591C49DD20F8}.Debug|Any CPU.Build.0 = Debug|Any CPU
		{E566F49E-F424-484B-81DF-591C49DD20F8}.Release|Any CPU.ActiveCfg = Release|Any CPU
		{E566F49E-F424-484B-81DF-591C49DD20F8}.Release|Any CPU.Build.0 = Release|Any CPU
	EndGlobalSection
	GlobalSection(SolutionProperties) = preSolution
		HideSolutionNode = FALSE
	EndGlobalSection
	GlobalSection(NestedProjects) = preSolution
		{FD38C931-5E45-4EC0-AFAF-92489EE66F7D} = {BBE243F1-D72E-42A1-B93E-836162F33DCD}
		{A6D79701-88DF-4088-BD38-026BCE8FD19B} = {BBE243F1-D72E-42A1-B93E-836162F33DCD}
		{81579142-1A7B-49B3-8FCE-EBB48AC00CBF} = {BBE243F1-D72E-42A1-B93E-836162F33DCD}
		{880C934B-E1C4-4DD5-AAF6-392C4ACB5516} = {BBE243F1-D72E-42A1-B93E-836162F33DCD}
		{377509C6-4527-4D22-B43D-F2BEC18632B0} = {CFCADF1D-FE9D-4E61-A71D-AC0A497433F2}
		{881FE3F7-3BF3-4264-A092-EB894EAA6712} = {CFCADF1D-FE9D-4E61-A71D-AC0A497433F2}
		{448BB12E-CEAD-4DAE-A686-9AF4CF33218F} = {CFCADF1D-FE9D-4E61-A71D-AC0A497433F2}
		{F7FB08CE-960D-41BD-BF8F-AE8161A955F8} = {CFCADF1D-FE9D-4E61-A71D-AC0A497433F2}
		{E566F49E-F424-484B-81DF-591C49DD20F8} = {CFCADF1D-FE9D-4E61-A71D-AC0A497433F2}
		{02003050-D81D-4381-90BE-6F0C716B35BB} = {BA15FA48-1043-4C42-97BF-0552CA7B63F8}
		{F184145B-2AF0-407F-8306-9CF382FA14F8} = {BA15FA48-1043-4C42-97BF-0552CA7B63F8}
	EndGlobalSection
EndGlobal
